
Microsoft Visual Studio Solution File, Format Version 12.00
# Visual Studio Version 16
VisualStudioVersion = 16.0.30611.23
MinimumVisualStudioVersion = 10.0.40219.1
Project("{9A19103F-16F7-4668-BE54-9A1E7A4F7556}") = "CameraYolov4-tiny-recording-test", "CameraYolov4-tiny-recording-test\CameraYolov4-tiny-recording-test.csproj", "{5D5ACA4E-9671-413A-92A2-E44C8B56DAE4}"
EndProject
Global
	GlobalSection(SolutionConfigurationPlatforms) = preSolution
		Debug|Any CPU = Debug|Any CPU
		Release|Any CPU = Release|Any CPU
	EndGlobalSection
	GlobalSection(ProjectConfigurationPlatforms) = postSolution
		{5D5ACA4E-9671-413A-92A2-E44C8B56DAE4}.Debug|Any CPU.ActiveCfg = Debug|Any CPU
		{5D5ACA4E-9671-413A-92A2-E44C8B56DAE4}.Debug|Any CPU.Build.0 = Debug|Any CPU
		{5D5ACA4E-9671-413A-92A2-E44C8B56DAE4}.Release|Any CPU.ActiveCfg = Release|Any CPU
		{5D5ACA4E-9671-413A-92A2-E44C8B56DAE4}.Release|Any CPU.Build.0 = Release|Any CPU
	EndGlobalSection
	GlobalSection(SolutionProperties) = preSolution
		HideSolutionNode = FALSE
	EndGlobalSection
	GlobalSection(ExtensibilityGlobals) = postSolution
		SolutionGuid = {3C85FDDD-D373-426D-9E85-009D79EBDEC9}
	EndGlobalSection
EndGlobal
